<?xml version="1.0" encoding="utf-8"?>
<Project ToolsVersion="4.0" xmlns="http://schemas.microsoft.com/developer/msbuild/2003">
  <ItemGroup>
    <ClCompile Include="private\build.cpp" />
    <ClCompile Include="private\absolutePath.cpp" />
  </ItemGroup>
  <ItemGroup>
    <ClInclude Include="private\build.h" />
    <ClInclude Include="public\macros.h" />
    <ClInclude Include="public\types.h" />
    <ClInclude Include="public\commonUtils.h" />
    <ClInclude Include="public\hash.h" />
    <ClInclude Include="public\absolutePath.h" />
  </ItemGroup>
</Project>