<?xml version="1.0" encoding="utf-8"?>
<Project ToolsVersion="4.0" xmlns="http://schemas.microsoft.com/developer/msbuild/2003">
  <ItemGroup>
    <ClCompile Include="private\build.cpp" />
    <ClCompile Include="private\imguiFunctions.cpp" />
    <ClCompile Include="private\gfViewport.cpp" />
    <ClCompile Include="private\rendering.cpp" />
    <ClCompile Include="private\image.cpp" />
    <ClCompile Include="private\imageRenderer.cpp" />
  </ItemGroup>
  <ItemGroup>
    <ClInclude Include="private\build.h" />
    <ClInclude Include="public\gfViewport.h" />
    <ClInclude Include="private\shaderData.h" />
    <ClInclude Include="public\rendering.h" />
    <ClInclude Include="private\imguiFunctions.h" />
    <ClInclude Include="private\stb_image.h" />
    <ClInclude Include="private\stb_image_write.h" />
    <ClInclude Include="public\image.h" />
    <ClInclude Include="private\imageRenderer.h" />
    <ClInclude Include="public\drawable.h" />
  </ItemGroup>
</Project>